
Microsoft Visual Studio Solution File, Format Version 12.00
# Visual Studio Version 17
VisualStudioVersion = 17.5.002.0
MinimumVisualStudioVersion = 10.0.40219.1
Project("{9A19103F-16F7-4668-BE54-9A1E7A4F7556}") = "my_study_Csharp", "my_study_Csharp.csproj", "{81E04826-76E4-42A1-BF3F-CDA93FDBE552}"
EndProject
Global
	GlobalSection(SolutionConfigurationPlatforms) = preSolution
		Debug|Any CPU = Debug|Any CPU
		Release|Any CPU = Release|Any CPU
	EndGlobalSection
	GlobalSection(ProjectConfigurationPlatforms) = postSolution
		{81E04826-76E4-42A1-BF3F-CDA93FDBE552}.Debug|Any CPU.ActiveCfg = Debug|Any CPU
		{81E04826-76E4-42A1-BF3F-CDA93FDBE552}.Debug|Any CPU.Build.0 = Debug|Any CPU
		{81E04826-76E4-42A1-BF3F-CDA93FDBE552}.Release|Any CPU.ActiveCfg = Release|Any CPU
		{81E04826-76E4-42A1-BF3F-CDA93FDBE552}.Release|Any CPU.Build.0 = Release|Any CPU
	EndGlobalSection
	GlobalSection(SolutionProperties) = preSolution
		HideSolutionNode = FALSE
	EndGlobalSection
	GlobalSection(ExtensibilityGlobals) = postSolution
		SolutionGuid = {1FC25F71-BEA3-427B-8147-8A93F857303A}
	EndGlobalSection
EndGlobal
